// !$*UTF8*$!
{
	archiveVersion = 1;
	classes = {
	};
	objectVersion = 56;
	objects = {

/* Begin PBXBuildFile section */
		E665A9CE2AACED07009A6A8A /* RegisterView.swift in Sources */ = {isa = PBXBuildFile; fileRef = E665A9CD2AACED07009A6A8A /* RegisterView.swift */; };
		E665A9D02AACF370009A6A8A /* LoginView.swift in Sources */ = {isa = PBXBuildFile; fileRef = E665A9CF2AACF370009A6A8A /* LoginView.swift */; };
		E68B570A2AA8D94A0080B6EA /* GoogleService-Info.plist in Resources */ = {isa = PBXBuildFile; fileRef = E68B57092AA8D9490080B6EA /* GoogleService-Info.plist */; };
		E69DC6772AB5F61A009A3D81 /* User.swift in Sources */ = {isa = PBXBuildFile; fileRef = E69DC6762AB5F61A009A3D81 /* User.swift */; };
		E69DC6792AB5F6B6009A3D81 /* UserViewModel.swift in Sources */ = {isa = PBXBuildFile; fileRef = E69DC6782AB5F6B6009A3D81 /* UserViewModel.swift */; };
		E69EDC4F2AB107E30021D1F1 /* HomeView.swift in Sources */ = {isa = PBXBuildFile; fileRef = E69EDC4E2AB107E30021D1F1 /* HomeView.swift */; };
		E6CC4A4A2ABF465C00C9BE5A /* BudgetSetupViewModel.swift in Sources */ = {isa = PBXBuildFile; fileRef = E6CC4A492ABF465C00C9BE5A /* BudgetSetupViewModel.swift */; };
		E6CC4A4C2ABF488A00C9BE5A /* Category.swift in Sources */ = {isa = PBXBuildFile; fileRef = E6CC4A4B2ABF488A00C9BE5A /* Category.swift */; };
		E6DBF2B32AA33BC1004A7B35 /* SpendWiseApp.swift in Sources */ = {isa = PBXBuildFile; fileRef = E6DBF2B22AA33BC1004A7B35 /* SpendWiseApp.swift */; };
		E6DBF2B52AA33BC1004A7B35 /* ContentView.swift in Sources */ = {isa = PBXBuildFile; fileRef = E6DBF2B42AA33BC1004A7B35 /* ContentView.swift */; };
		E6DBF2B72AA33BC3004A7B35 /* Assets.xcassets in Resources */ = {isa = PBXBuildFile; fileRef = E6DBF2B62AA33BC3004A7B35 /* Assets.xcassets */; };
		E6DBF2BA2AA33BC3004A7B35 /* Preview Assets.xcassets in Resources */ = {isa = PBXBuildFile; fileRef = E6DBF2B92AA33BC3004A7B35 /* Preview Assets.xcassets */; };
		E6E0C6842ABB7EB500624992 /* SessionData.swift in Sources */ = {isa = PBXBuildFile; fileRef = E6E0C6832ABB7EB500624992 /* SessionData.swift */; };
		E6E0C6862ABB8DE100624992 /* FireStoreUtil.swift in Sources */ = {isa = PBXBuildFile; fileRef = E6E0C6852ABB8DE100624992 /* FireStoreUtil.swift */; };
		E6E0C6892ABB8F7900624992 /* FirebaseAuth in Frameworks */ = {isa = PBXBuildFile; productRef = E6E0C6882ABB8F7900624992 /* FirebaseAuth */; };
		E6E0C68B2ABB8F7900624992 /* FirebaseDatabase in Frameworks */ = {isa = PBXBuildFile; productRef = E6E0C68A2ABB8F7900624992 /* FirebaseDatabase */; };
		E6E0C68D2ABB9D5000624992 /* BudgetSetupView.swift in Sources */ = {isa = PBXBuildFile; fileRef = E6E0C68C2ABB9D5000624992 /* BudgetSetupView.swift */; };
/* End PBXBuildFile section */

/* Begin PBXFileReference section */
		E665A9CD2AACED07009A6A8A /* RegisterView.swift */ = {isa = PBXFileReference; lastKnownFileType = sourcecode.swift; path = RegisterView.swift; sourceTree = "<group>"; };
		E665A9CF2AACF370009A6A8A /* LoginView.swift */ = {isa = PBXFileReference; lastKnownFileType = sourcecode.swift; path = LoginView.swift; sourceTree = "<group>"; };
		E68B57092AA8D9490080B6EA /* GoogleService-Info.plist */ = {isa = PBXFileReference; fileEncoding = 4; lastKnownFileType = text.plist.xml; path = "GoogleService-Info.plist"; sourceTree = "<group>"; };
		E69DC6762AB5F61A009A3D81 /* User.swift */ = {isa = PBXFileReference; lastKnownFileType = sourcecode.swift; path = User.swift; sourceTree = "<group>"; };
		E69DC6782AB5F6B6009A3D81 /* UserViewModel.swift */ = {isa = PBXFileReference; lastKnownFileType = sourcecode.swift; path = UserViewModel.swift; sourceTree = "<group>"; };
		E69EDC4E2AB107E30021D1F1 /* HomeView.swift */ = {isa = PBXFileReference; lastKnownFileType = sourcecode.swift; path = HomeView.swift; sourceTree = "<group>"; };
		E6CC4A492ABF465C00C9BE5A /* BudgetSetupViewModel.swift */ = {isa = PBXFileReference; lastKnownFileType = sourcecode.swift; path = BudgetSetupViewModel.swift; sourceTree = "<group>"; };
		E6CC4A4B2ABF488A00C9BE5A /* Category.swift */ = {isa = PBXFileReference; lastKnownFileType = sourcecode.swift; path = Category.swift; sourceTree = "<group>"; };
		E6DBF2AF2AA33BC1004A7B35 /* SpendWise.app */ = {isa = PBXFileReference; explicitFileType = wrapper.application; includeInIndex = 0; path = SpendWise.app; sourceTree = BUILT_PRODUCTS_DIR; };
		E6DBF2B22AA33BC1004A7B35 /* SpendWiseApp.swift */ = {isa = PBXFileReference; lastKnownFileType = sourcecode.swift; path = SpendWiseApp.swift; sourceTree = "<group>"; };
		E6DBF2B42AA33BC1004A7B35 /* ContentView.swift */ = {isa = PBXFileReference; lastKnownFileType = sourcecode.swift; path = ContentView.swift; sourceTree = "<group>"; };
		E6DBF2B62AA33BC3004A7B35 /* Assets.xcassets */ = {isa = PBXFileReference; lastKnownFileType = folder.assetcatalog; path = Assets.xcassets; sourceTree = "<group>"; };
		E6DBF2B92AA33BC3004A7B35 /* Preview Assets.xcassets */ = {isa = PBXFileReference; lastKnownFileType = folder.assetcatalog; path = "Preview Assets.xcassets"; sourceTree = "<group>"; };
		E6E0C6832ABB7EB500624992 /* SessionData.swift */ = {isa = PBXFileReference; lastKnownFileType = sourcecode.swift; path = SessionData.swift; sourceTree = "<group>"; };
		E6E0C6852ABB8DE100624992 /* FireStoreUtil.swift */ = {isa = PBXFileReference; lastKnownFileType = sourcecode.swift; path = FireStoreUtil.swift; sourceTree = "<group>"; };
		E6E0C68C2ABB9D5000624992 /* BudgetSetupView.swift */ = {isa = PBXFileReference; lastKnownFileType = sourcecode.swift; path = BudgetSetupView.swift; sourceTree = "<group>"; };
/* End PBXFileReference section */

/* Begin PBXFrameworksBuildPhase section */
		E6DBF2AC2AA33BC1004A7B35 /* Frameworks */ = {
			isa = PBXFrameworksBuildPhase;
			buildActionMask = 2147483647;
			files = (
				E6E0C68B2ABB8F7900624992 /* FirebaseDatabase in Frameworks */,
				E6E0C6892ABB8F7900624992 /* FirebaseAuth in Frameworks */,
			);
			runOnlyForDeploymentPostprocessing = 0;
		};
/* End PBXFrameworksBuildPhase section */

/* Begin PBXGroup section */
		E69DC6742AB5F59B009A3D81 /* Model */ = {
			isa = PBXGroup;
			children = (
				E69DC6762AB5F61A009A3D81 /* User.swift */,
				E6CC4A4B2ABF488A00C9BE5A /* Category.swift */,
			);
			path = Model;
			sourceTree = "<group>";
		};
		E69DC6752AB5F5AA009A3D81 /* ViewModel */ = {
			isa = PBXGroup;
			children = (
				E69DC6782AB5F6B6009A3D81 /* UserViewModel.swift */,
				E6CC4A492ABF465C00C9BE5A /* BudgetSetupViewModel.swift */,
			);
			path = ViewModel;
			sourceTree = "<group>";
		};
		E6DBF2A62AA33BC1004A7B35 = {
			isa = PBXGroup;
			children = (
				E6DBF2B12AA33BC1004A7B35 /* SpendWise */,
				E6DBF2B02AA33BC1004A7B35 /* Products */,
			);
			sourceTree = "<group>";
		};
		E6DBF2B02AA33BC1004A7B35 /* Products */ = {
			isa = PBXGroup;
			children = (
				E6DBF2AF2AA33BC1004A7B35 /* SpendWise.app */,
			);
			name = Products;
			sourceTree = "<group>";
		};
		E6DBF2B12AA33BC1004A7B35 /* SpendWise */ = {
			isa = PBXGroup;
			children = (
				E6E0C6812ABB7BD900624992 /* View */,
				E69DC6752AB5F5AA009A3D81 /* ViewModel */,
				E69DC6742AB5F59B009A3D81 /* Model */,
				E6E0C6822ABB7E8700624992 /* Shared */,
				E68B57092AA8D9490080B6EA /* GoogleService-Info.plist */,
				E6DBF2B22AA33BC1004A7B35 /* SpendWiseApp.swift */,
				E6DBF2B42AA33BC1004A7B35 /* ContentView.swift */,
				E6DBF2B62AA33BC3004A7B35 /* Assets.xcassets */,
				E6DBF2B82AA33BC3004A7B35 /* Preview Content */,
			);
			path = SpendWise;
			sourceTree = "<group>";
		};
		E6DBF2B82AA33BC3004A7B35 /* Preview Content */ = {
			isa = PBXGroup;
			children = (
				E6DBF2B92AA33BC3004A7B35 /* Preview Assets.xcassets */,
			);
			path = "Preview Content";
			sourceTree = "<group>";
		};
		E6E0C6812ABB7BD900624992 /* View */ = {
			isa = PBXGroup;
			children = (
				E665A9CD2AACED07009A6A8A /* RegisterView.swift */,
				E665A9CF2AACF370009A6A8A /* LoginView.swift */,
				E69EDC4E2AB107E30021D1F1 /* HomeView.swift */,
				E6E0C68C2ABB9D5000624992 /* BudgetSetupView.swift */,
			);
			path = View;
			sourceTree = "<group>";
		};
		E6E0C6822ABB7E8700624992 /* Shared */ = {
			isa = PBXGroup;
			children = (
				E6E0C6832ABB7EB500624992 /* SessionData.swift */,
				E6E0C6852ABB8DE100624992 /* FireStoreUtil.swift */,
			);
			path = Shared;
			sourceTree = "<group>";
		};
/* End PBXGroup section */

/* Begin PBXNativeTarget section */
		E6DBF2AE2AA33BC1004A7B35 /* SpendWise */ = {
			isa = PBXNativeTarget;
			buildConfigurationList = E6DBF2BD2AA33BC3004A7B35 /* Build configuration list for PBXNativeTarget "SpendWise" */;
			buildPhases = (
				E6DBF2AB2AA33BC1004A7B35 /* Sources */,
				E6DBF2AC2AA33BC1004A7B35 /* Frameworks */,
				E6DBF2AD2AA33BC1004A7B35 /* Resources */,
			);
			buildRules = (
			);
			dependencies = (
			);
			name = SpendWise;
			packageProductDependencies = (
				E6E0C6882ABB8F7900624992 /* FirebaseAuth */,
				E6E0C68A2ABB8F7900624992 /* FirebaseDatabase */,
			);
			productName = SpendWise;
			productReference = E6DBF2AF2AA33BC1004A7B35 /* SpendWise.app */;
			productType = "com.apple.product-type.application";
		};
/* End PBXNativeTarget section */

/* Begin PBXProject section */
		E6DBF2A72AA33BC1004A7B35 /* Project object */ = {
			isa = PBXProject;
			attributes = {
				BuildIndependentTargetsInParallel = 1;
				LastSwiftUpdateCheck = 1420;
				LastUpgradeCheck = 1420;
				TargetAttributes = {
					E6DBF2AE2AA33BC1004A7B35 = {
						CreatedOnToolsVersion = 14.2;
					};
				};
			};
			buildConfigurationList = E6DBF2AA2AA33BC1004A7B35 /* Build configuration list for PBXProject "SpendWise" */;
			compatibilityVersion = "Xcode 14.0";
			developmentRegion = en;
			hasScannedForEncodings = 0;
			knownRegions = (
				en,
				Base,
			);
			mainGroup = E6DBF2A62AA33BC1004A7B35;
			packageReferences = (
				E6E0C6872ABB8F7900624992 /* XCRemoteSwiftPackageReference "firebase-ios-sdk" */,
			);
			productRefGroup = E6DBF2B02AA33BC1004A7B35 /* Products */;
			projectDirPath = "";
			projectRoot = "";
			targets = (
				E6DBF2AE2AA33BC1004A7B35 /* SpendWise */,
			);
		};
/* End PBXProject section */

/* Begin PBXResourcesBuildPhase section */
		E6DBF2AD2AA33BC1004A7B35 /* Resources */ = {
			isa = PBXResourcesBuildPhase;
			buildActionMask = 2147483647;
			files = (
				E6DBF2BA2AA33BC3004A7B35 /* Preview Assets.xcassets in Resources */,
				E6DBF2B72AA33BC3004A7B35 /* Assets.xcassets in Resources */,
				E68B570A2AA8D94A0080B6EA /* GoogleService-Info.plist in Resources */,
			);
			runOnlyForDeploymentPostprocessing = 0;
		};
/* End PBXResourcesBuildPhase section */

/* Begin PBXSourcesBuildPhase section */
		E6DBF2AB2AA33BC1004A7B35 /* Sources */ = {
			isa = PBXSourcesBuildPhase;
			buildActionMask = 2147483647;
			files = (
				E665A9CE2AACED07009A6A8A /* RegisterView.swift in Sources */,
				E6CC4A4C2ABF488A00C9BE5A /* Category.swift in Sources */,
				E6DBF2B52AA33BC1004A7B35 /* ContentView.swift in Sources */,
				E69DC6772AB5F61A009A3D81 /* User.swift in Sources */,
				E6E0C6862ABB8DE100624992 /* FireStoreUtil.swift in Sources */,
				E6CC4A4A2ABF465C00C9BE5A /* BudgetSetupViewModel.swift in Sources */,
				E665A9D02AACF370009A6A8A /* LoginView.swift in Sources */,
				E6E0C6842ABB7EB500624992 /* SessionData.swift in Sources */,
				E69EDC4F2AB107E30021D1F1 /* HomeView.swift in Sources */,
				E69DC6792AB5F6B6009A3D81 /* UserViewModel.swift in Sources */,
				E6DBF2B32AA33BC1004A7B35 /* SpendWiseApp.swift in Sources */,
				E6E0C68D2ABB9D5000624992 /* BudgetSetupView.swift in Sources */,
			);
			runOnlyForDeploymentPostprocessing = 0;
		};
/* End PBXSourcesBuildPhase section */

/* Begin XCBuildConfiguration section */
		E6DBF2BB2AA33BC3004A7B35 /* Debug */ = {
			isa = XCBuildConfiguration;
			buildSettings = {
				ALWAYS_SEARCH_USER_PATHS = NO;
				CLANG_ANALYZER_NONNULL = YES;
				CLANG_ANALYZER_NUMBER_OBJECT_CONVERSION = YES_AGGRESSIVE;
				CLANG_CXX_LANGUAGE_STANDARD = "gnu++20";
				CLANG_ENABLE_MODULES = YES;
				CLANG_ENABLE_OBJC_ARC = YES;
				CLANG_ENABLE_OBJC_WEAK = YES;
				CLANG_WARN_BLOCK_CAPTURE_AUTORELEASING = YES;
				CLANG_WARN_BOOL_CONVERSION = YES;
				CLANG_WARN_COMMA = YES;
				CLANG_WARN_CONSTANT_CONVERSION = YES;
				CLANG_WARN_DEPRECATED_OBJC_IMPLEMENTATIONS = YES;
				CLANG_WARN_DIRECT_OBJC_ISA_USAGE = YES_ERROR;
				CLANG_WARN_DOCUMENTATION_COMMENTS = YES;
				CLANG_WARN_EMPTY_BODY = YES;
				CLANG_WARN_ENUM_CONVERSION = YES;
				CLANG_WARN_INFINITE_RECURSION = YES;
				CLANG_WARN_INT_CONVERSION = YES;
				CLANG_WARN_NON_LITERAL_NULL_CONVERSION = YES;
				CLANG_WARN_OBJC_IMPLICIT_RETAIN_SELF = YES;
				CLANG_WARN_OBJC_LITERAL_CONVERSION = YES;
				CLANG_WARN_OBJC_ROOT_CLASS = YES_ERROR;
				CLANG_WARN_QUOTED_INCLUDE_IN_FRAMEWORK_HEADER = YES;
				CLANG_WARN_RANGE_LOOP_ANALYSIS = YES;
				CLANG_WARN_STRICT_PROTOTYPES = YES;
				CLANG_WARN_SUSPICIOUS_MOVE = YES;
				CLANG_WARN_UNGUARDED_AVAILABILITY = YES_AGGRESSIVE;
				CLANG_WARN_UNREACHABLE_CODE = YES;
				CLANG_WARN__DUPLICATE_METHOD_MATCH = YES;
				COPY_PHASE_STRIP = NO;
				DEBUG_INFORMATION_FORMAT = dwarf;
				ENABLE_STRICT_OBJC_MSGSEND = YES;
				ENABLE_TESTABILITY = YES;
				GCC_C_LANGUAGE_STANDARD = gnu11;
				GCC_DYNAMIC_NO_PIC = NO;
				GCC_NO_COMMON_BLOCKS = YES;
				GCC_OPTIMIZATION_LEVEL = 0;
				GCC_PREPROCESSOR_DEFINITIONS = (
					"DEBUG=1",
					"$(inherited)",
				);
				GCC_WARN_64_TO_32_BIT_CONVERSION = YES;
				GCC_WARN_ABOUT_RETURN_TYPE = YES_ERROR;
				GCC_WARN_UNDECLARED_SELECTOR = YES;
				GCC_WARN_UNINITIALIZED_AUTOS = YES_AGGRESSIVE;
				GCC_WARN_UNUSED_FUNCTION = YES;
				GCC_WARN_UNUSED_VARIABLE = YES;
				IPHONEOS_DEPLOYMENT_TARGET = 16.2;
				MTL_ENABLE_DEBUG_INFO = INCLUDE_SOURCE;
				MTL_FAST_MATH = YES;
				ONLY_ACTIVE_ARCH = YES;
				SDKROOT = iphoneos;
				SWIFT_ACTIVE_COMPILATION_CONDITIONS = DEBUG;
				SWIFT_OPTIMIZATION_LEVEL = "-Onone";
			};
			name = Debug;
		};
		E6DBF2BC2AA33BC3004A7B35 /* Release */ = {
			isa = XCBuildConfiguration;
			buildSettings = {
				ALWAYS_SEARCH_USER_PATHS = NO;
				CLANG_ANALYZER_NONNULL = YES;
				CLANG_ANALYZER_NUMBER_OBJECT_CONVERSION = YES_AGGRESSIVE;
				CLANG_CXX_LANGUAGE_STANDARD = "gnu++20";
				CLANG_ENABLE_MODULES = YES;
				CLANG_ENABLE_OBJC_ARC = YES;
				CLANG_ENABLE_OBJC_WEAK = YES;
				CLANG_WARN_BLOCK_CAPTURE_AUTORELEASING = YES;
				CLANG_WARN_BOOL_CONVERSION = YES;
				CLANG_WARN_COMMA = YES;
				CLANG_WARN_CONSTANT_CONVERSION = YES;
				CLANG_WARN_DEPRECATED_OBJC_IMPLEMENTATIONS = YES;
				CLANG_WARN_DIRECT_OBJC_ISA_USAGE = YES_ERROR;
				CLANG_WARN_DOCUMENTATION_COMMENTS = YES;
				CLANG_WARN_EMPTY_BODY = YES;
				CLANG_WARN_ENUM_CONVERSION = YES;
				CLANG_WARN_INFINITE_RECURSION = YES;
				CLANG_WARN_INT_CONVERSION = YES;
				CLANG_WARN_NON_LITERAL_NULL_CONVERSION = YES;
				CLANG_WARN_OBJC_IMPLICIT_RETAIN_SELF = YES;
				CLANG_WARN_OBJC_LITERAL_CONVERSION = YES;
				CLANG_WARN_OBJC_ROOT_CLASS = YES_ERROR;
				CLANG_WARN_QUOTED_INCLUDE_IN_FRAMEWORK_HEADER = YES;
				CLANG_WARN_RANGE_LOOP_ANALYSIS = YES;
				CLANG_WARN_STRICT_PROTOTYPES = YES;
				CLANG_WARN_SUSPICIOUS_MOVE = YES;
				CLANG_WARN_UNGUARDED_AVAILABILITY = YES_AGGRESSIVE;
				CLANG_WARN_UNREACHABLE_CODE = YES;
				CLANG_WARN__DUPLICATE_METHOD_MATCH = YES;
				COPY_PHASE_STRIP = NO;
				DEBUG_INFORMATION_FORMAT = "dwarf-with-dsym";
				ENABLE_NS_ASSERTIONS = NO;
				ENABLE_STRICT_OBJC_MSGSEND = YES;
				GCC_C_LANGUAGE_STANDARD = gnu11;
				GCC_NO_COMMON_BLOCKS = YES;
				GCC_WARN_64_TO_32_BIT_CONVERSION = YES;
				GCC_WARN_ABOUT_RETURN_TYPE = YES_ERROR;
				GCC_WARN_UNDECLARED_SELECTOR = YES;
				GCC_WARN_UNINITIALIZED_AUTOS = YES_AGGRESSIVE;
				GCC_WARN_UNUSED_FUNCTION = YES;
				GCC_WARN_UNUSED_VARIABLE = YES;
				IPHONEOS_DEPLOYMENT_TARGET = 16.2;
				MTL_ENABLE_DEBUG_INFO = NO;
				MTL_FAST_MATH = YES;
				SDKROOT = iphoneos;
				SWIFT_COMPILATION_MODE = wholemodule;
				SWIFT_OPTIMIZATION_LEVEL = "-O";
				VALIDATE_PRODUCT = YES;
			};
			name = Release;
		};
		E6DBF2BE2AA33BC3004A7B35 /* Debug */ = {
			isa = XCBuildConfiguration;
			buildSettings = {
				ASSETCATALOG_COMPILER_APPICON_NAME = AppIcon;
				ASSETCATALOG_COMPILER_GLOBAL_ACCENT_COLOR_NAME = AccentColor;
				CODE_SIGN_STYLE = Automatic;
				CURRENT_PROJECT_VERSION = 1;
				DEVELOPMENT_ASSET_PATHS = "\"SpendWise/Preview Content\"";
				ENABLE_PREVIEWS = YES;
				GENERATE_INFOPLIST_FILE = YES;
				INFOPLIST_KEY_UIApplicationSceneManifest_Generation = YES;
				INFOPLIST_KEY_UIApplicationSupportsIndirectInputEvents = YES;
				INFOPLIST_KEY_UILaunchScreen_Generation = YES;
				INFOPLIST_KEY_UISupportedInterfaceOrientations = UIInterfaceOrientationPortrait;
				INFOPLIST_KEY_UISupportedInterfaceOrientations_iPad = "UIInterfaceOrientationLandscapeLeft UIInterfaceOrientationLandscapeRight UIInterfaceOrientationPortrait UIInterfaceOrientationPortraitUpsideDown";
				LD_RUNPATH_SEARCH_PATHS = (
					"$(inherited)",
					"@executable_path/Frameworks",
				);
				MARKETING_VERSION = 1.0;
				PRODUCT_BUNDLE_IDENTIFIER = "Sachini-Perera.SpendWise";
				PRODUCT_NAME = "$(TARGET_NAME)";
				SWIFT_EMIT_LOC_STRINGS = YES;
				SWIFT_VERSION = 5.0;
				TARGETED_DEVICE_FAMILY = "1,2";
			};
			name = Debug;
		};
		E6DBF2BF2AA33BC3004A7B35 /* Release */ = {
			isa = XCBuildConfiguration;
			buildSettings = {
				ASSETCATALOG_COMPILER_APPICON_NAME = AppIcon;
				ASSETCATALOG_COMPILER_GLOBAL_ACCENT_COLOR_NAME = AccentColor;
				CODE_SIGN_STYLE = Automatic;
				CURRENT_PROJECT_VERSION = 1;
				DEVELOPMENT_ASSET_PATHS = "\"SpendWise/Preview Content\"";
				ENABLE_PREVIEWS = YES;
				GENERATE_INFOPLIST_FILE = YES;
				INFOPLIST_KEY_UIApplicationSceneManifest_Generation = YES;
				INFOPLIST_KEY_UIApplicationSupportsIndirectInputEvents = YES;
				INFOPLIST_KEY_UILaunchScreen_Generation = YES;
				INFOPLIST_KEY_UISupportedInterfaceOrientations = UIInterfaceOrientationPortrait;
				INFOPLIST_KEY_UISupportedInterfaceOrientations_iPad = "UIInterfaceOrientationLandscapeLeft UIInterfaceOrientationLandscapeRight UIInterfaceOrientationPortrait UIInterfaceOrientationPortraitUpsideDown";
				LD_RUNPATH_SEARCH_PATHS = (
					"$(inherited)",
					"@executable_path/Frameworks",
				);
				MARKETING_VERSION = 1.0;
				PRODUCT_BUNDLE_IDENTIFIER = "Sachini-Perera.SpendWise";
				PRODUCT_NAME = "$(TARGET_NAME)";
				SWIFT_EMIT_LOC_STRINGS = YES;
				SWIFT_VERSION = 5.0;
				TARGETED_DEVICE_FAMILY = "1,2";
			};
			name = Release;
		};
/* End XCBuildConfiguration section */

/* Begin XCConfigurationList section */
		E6DBF2AA2AA33BC1004A7B35 /* Build configuration list for PBXProject "SpendWise" */ = {
			isa = XCConfigurationList;
			buildConfigurations = (
				E6DBF2BB2AA33BC3004A7B35 /* Debug */,
				E6DBF2BC2AA33BC3004A7B35 /* Release */,
			);
			defaultConfigurationIsVisible = 0;
			defaultConfigurationName = Release;
		};
		E6DBF2BD2AA33BC3004A7B35 /* Build configuration list for PBXNativeTarget "SpendWise" */ = {
			isa = XCConfigurationList;
			buildConfigurations = (
				E6DBF2BE2AA33BC3004A7B35 /* Debug */,
				E6DBF2BF2AA33BC3004A7B35 /* Release */,
			);
			defaultConfigurationIsVisible = 0;
			defaultConfigurationName = Release;
		};
/* End XCConfigurationList section */

/* Begin XCRemoteSwiftPackageReference section */
		E6E0C6872ABB8F7900624992 /* XCRemoteSwiftPackageReference "firebase-ios-sdk" */ = {
			isa = XCRemoteSwiftPackageReference;
			repositoryURL = "https://github.com/firebase/firebase-ios-sdk";
			requirement = {
				kind = upToNextMajorVersion;
				minimumVersion = 9.0.0;
			};
		};
/* End XCRemoteSwiftPackageReference section */

/* Begin XCSwiftPackageProductDependency section */
		E6E0C6882ABB8F7900624992 /* FirebaseAuth */ = {
			isa = XCSwiftPackageProductDependency;
			package = E6E0C6872ABB8F7900624992 /* XCRemoteSwiftPackageReference "firebase-ios-sdk" */;
			productName = FirebaseAuth;
		};
		E6E0C68A2ABB8F7900624992 /* FirebaseDatabase */ = {
			isa = XCSwiftPackageProductDependency;
			package = E6E0C6872ABB8F7900624992 /* XCRemoteSwiftPackageReference "firebase-ios-sdk" */;
			productName = FirebaseDatabase;
		};
/* End XCSwiftPackageProductDependency section */
	};
	rootObject = E6DBF2A72AA33BC1004A7B35 /* Project object */;
}
